// !$*UTF8*$!
{
	archiveVersion = 1;
	classes = {
	};
	objectVersion = 50;
	objects = {

/* Begin PBXBuildFile section */
		845EC29E233E3B96000F0095 /* AppDelegate.m in Sources */ = {isa = PBXBuildFile; fileRef = 845EC29D233E3B96000F0095 /* AppDelegate.m */; };
		845EC2A1233E3B96000F0095 /* ViewController.m in Sources */ = {isa = PBXBuildFile; fileRef = 845EC2A0233E3B96000F0095 /* ViewController.m */; };
		845EC2A6233E3B98000F0095 /* Assets.xcassets in Resources */ = {isa = PBXBuildFile; fileRef = 845EC2A5233E3B98000F0095 /* Assets.xcassets */; };
		845EC2A9233E3B98000F0095 /* LaunchScreen.storyboard in Resources */ = {isa = PBXBuildFile; fileRef = 845EC2A7233E3B98000F0095 /* LaunchScreen.storyboard */; };
		845EC2AC233E3B98000F0095 /* main.m in Sources */ = {isa = PBXBuildFile; fileRef = 845EC2AB233E3B98000F0095 /* main.m */; };
		D414591E2350554C0034E35D /* testcppTests.mm in Sources */ = {isa = PBXBuildFile; fileRef = D414591D2350554C0034E35D /* testcppTests.mm */; };
		D45DADBD234B0F2F00C081F7 /* CLogReader.cpp in Sources */ = {isa = PBXBuildFile; fileRef = D45DADBB234B0F2F00C081F7 /* CLogReader.cpp */; };
/* End PBXBuildFile section */

/* Begin PBXContainerItemProxy section */
		D41459202350554C0034E35D /* PBXContainerItemProxy */ = {
			isa = PBXContainerItemProxy;
			containerPortal = 845EC291233E3B96000F0095 /* Project object */;
			proxyType = 1;
			remoteGlobalIDString = 845EC298233E3B96000F0095;
			remoteInfo = testcpp;
		};
/* End PBXContainerItemProxy section */

/* Begin PBXFileReference section */
		845EC299233E3B96000F0095 /* testcpp.app */ = {isa = PBXFileReference; explicitFileType = wrapper.application; includeInIndex = 0; path = testcpp.app; sourceTree = BUILT_PRODUCTS_DIR; };
		845EC29C233E3B96000F0095 /* AppDelegate.h */ = {isa = PBXFileReference; lastKnownFileType = sourcecode.c.h; path = AppDelegate.h; sourceTree = "<group>"; };
		845EC29D233E3B96000F0095 /* AppDelegate.m */ = {isa = PBXFileReference; lastKnownFileType = sourcecode.c.objc; path = AppDelegate.m; sourceTree = "<group>"; };
		845EC29F233E3B96000F0095 /* ViewController.h */ = {isa = PBXFileReference; lastKnownFileType = sourcecode.c.h; path = ViewController.h; sourceTree = "<group>"; };
		845EC2A0233E3B96000F0095 /* ViewController.m */ = {isa = PBXFileReference; lastKnownFileType = sourcecode.c.objc; path = ViewController.m; sourceTree = "<group>"; };
		845EC2A5233E3B98000F0095 /* Assets.xcassets */ = {isa = PBXFileReference; lastKnownFileType = folder.assetcatalog; path = Assets.xcassets; sourceTree = "<group>"; };
		845EC2A8233E3B98000F0095 /* Base */ = {isa = PBXFileReference; lastKnownFileType = file.storyboard; name = Base; path = Base.lproj/LaunchScreen.storyboard; sourceTree = "<group>"; };
		845EC2AA233E3B98000F0095 /* Info.plist */ = {isa = PBXFileReference; lastKnownFileType = text.plist.xml; path = Info.plist; sourceTree = "<group>"; };
		845EC2AB233E3B98000F0095 /* main.m */ = {isa = PBXFileReference; lastKnownFileType = sourcecode.c.objc; path = main.m; sourceTree = "<group>"; };
		D414591B2350554C0034E35D /* testcppTests.xctest */ = {isa = PBXFileReference; explicitFileType = wrapper.cfbundle; includeInIndex = 0; path = testcppTests.xctest; sourceTree = BUILT_PRODUCTS_DIR; };
		D414591D2350554C0034E35D /* testcppTests.mm */ = {isa = PBXFileReference; lastKnownFileType = sourcecode.cpp.objcpp; path = testcppTests.mm; sourceTree = "<group>"; };
		D414591F2350554C0034E35D /* Info.plist */ = {isa = PBXFileReference; lastKnownFileType = text.plist.xml; path = Info.plist; sourceTree = "<group>"; };
		D45DADBB234B0F2F00C081F7 /* CLogReader.cpp */ = {isa = PBXFileReference; lastKnownFileType = sourcecode.cpp.cpp; path = CLogReader.cpp; sourceTree = "<group>"; };
		D45DADBC234B0F2F00C081F7 /* CLogReader.h */ = {isa = PBXFileReference; lastKnownFileType = sourcecode.c.h; path = CLogReader.h; sourceTree = "<group>"; };
/* End PBXFileReference section */

/* Begin PBXFrameworksBuildPhase section */
		845EC296233E3B96000F0095 /* Frameworks */ = {
			isa = PBXFrameworksBuildPhase;
			buildActionMask = 2147483647;
			files = (
			);
			runOnlyForDeploymentPostprocessing = 0;
		};
		D41459182350554C0034E35D /* Frameworks */ = {
			isa = PBXFrameworksBuildPhase;
			buildActionMask = 2147483647;
			files = (
			);
			runOnlyForDeploymentPostprocessing = 0;
		};
/* End PBXFrameworksBuildPhase section */

/* Begin PBXGroup section */
		845EC290233E3B96000F0095 = {
			isa = PBXGroup;
			children = (
				845EC29B233E3B96000F0095 /* testcpp */,
				D414591C2350554C0034E35D /* testcppTests */,
				845EC29A233E3B96000F0095 /* Products */,
			);
			sourceTree = "<group>";
		};
		845EC29A233E3B96000F0095 /* Products */ = {
			isa = PBXGroup;
			children = (
				845EC299233E3B96000F0095 /* testcpp.app */,
				D414591B2350554C0034E35D /* testcppTests.xctest */,
			);
			name = Products;
			sourceTree = "<group>";
		};
		845EC29B233E3B96000F0095 /* testcpp */ = {
			isa = PBXGroup;
			children = (
				D45DADBA234B0E7200C081F7 /* cpp */,
				845EC29C233E3B96000F0095 /* AppDelegate.h */,
				845EC29D233E3B96000F0095 /* AppDelegate.m */,
				845EC29F233E3B96000F0095 /* ViewController.h */,
				845EC2A0233E3B96000F0095 /* ViewController.m */,
				845EC2A5233E3B98000F0095 /* Assets.xcassets */,
				845EC2A7233E3B98000F0095 /* LaunchScreen.storyboard */,
				845EC2AA233E3B98000F0095 /* Info.plist */,
				845EC2AB233E3B98000F0095 /* main.m */,
			);
			path = testcpp;
			sourceTree = "<group>";
		};
		D414591C2350554C0034E35D /* testcppTests */ = {
			isa = PBXGroup;
			children = (
				D414591D2350554C0034E35D /* testcppTests.mm */,
				D414591F2350554C0034E35D /* Info.plist */,
			);
			path = testcppTests;
			sourceTree = "<group>";
		};
		D45DADBA234B0E7200C081F7 /* cpp */ = {
			isa = PBXGroup;
			children = (
				D45DADBC234B0F2F00C081F7 /* CLogReader.h */,
				D45DADBB234B0F2F00C081F7 /* CLogReader.cpp */,
			);
			path = cpp;
			sourceTree = "<group>";
		};
/* End PBXGroup section */

/* Begin PBXNativeTarget section */
		845EC298233E3B96000F0095 /* testcpp */ = {
			isa = PBXNativeTarget;
			buildConfigurationList = 845EC2AF233E3B98000F0095 /* Build configuration list for PBXNativeTarget "testcpp" */;
			buildPhases = (
				845EC295233E3B96000F0095 /* Sources */,
				845EC296233E3B96000F0095 /* Frameworks */,
				845EC297233E3B96000F0095 /* Resources */,
			);
			buildRules = (
			);
			dependencies = (
			);
			name = testcpp;
			productName = testcpp;
			productReference = 845EC299233E3B96000F0095 /* testcpp.app */;
			productType = "com.apple.product-type.application";
		};
		D414591A2350554C0034E35D /* testcppTests */ = {
			isa = PBXNativeTarget;
			buildConfigurationList = D41459242350554C0034E35D /* Build configuration list for PBXNativeTarget "testcppTests" */;
			buildPhases = (
				D41459172350554C0034E35D /* Sources */,
				D41459182350554C0034E35D /* Frameworks */,
				D41459192350554C0034E35D /* Resources */,
			);
			buildRules = (
			);
			dependencies = (
				D41459212350554C0034E35D /* PBXTargetDependency */,
			);
			name = testcppTests;
			productName = testcppTests;
			productReference = D414591B2350554C0034E35D /* testcppTests.xctest */;
			productType = "com.apple.product-type.bundle.unit-test";
		};
/* End PBXNativeTarget section */

/* Begin PBXProject section */
		845EC291233E3B96000F0095 /* Project object */ = {
			isa = PBXProject;
			attributes = {
				LastUpgradeCheck = 1020;
				ORGANIZATIONNAME = konon;
				TargetAttributes = {
					845EC298233E3B96000F0095 = {
						CreatedOnToolsVersion = 10.2.1;
					};
					D414591A2350554C0034E35D = {
						CreatedOnToolsVersion = 11.1;
						TestTargetID = 845EC298233E3B96000F0095;
					};
				};
			};
			buildConfigurationList = 845EC294233E3B96000F0095 /* Build configuration list for PBXProject "testcpp" */;
			compatibilityVersion = "Xcode 9.3";
			developmentRegion = en;
			hasScannedForEncodings = 0;
			knownRegions = (
				en,
				Base,
			);
			mainGroup = 845EC290233E3B96000F0095;
			productRefGroup = 845EC29A233E3B96000F0095 /* Products */;
			projectDirPath = "";
			projectRoot = "";
			targets = (
				845EC298233E3B96000F0095 /* testcpp */,
				D414591A2350554C0034E35D /* testcppTests */,
			);
		};
/* End PBXProject section */

/* Begin PBXResourcesBuildPhase section */
		845EC297233E3B96000F0095 /* Resources */ = {
			isa = PBXResourcesBuildPhase;
			buildActionMask = 2147483647;
			files = (
				845EC2A9233E3B98000F0095 /* LaunchScreen.storyboard in Resources */,
				845EC2A6233E3B98000F0095 /* Assets.xcassets in Resources */,
			);
			runOnlyForDeploymentPostprocessing = 0;
		};
		D41459192350554C0034E35D /* Resources */ = {
			isa = PBXResourcesBuildPhase;
			buildActionMask = 2147483647;
			files = (
			);
			runOnlyForDeploymentPostprocessing = 0;
		};
/* End PBXResourcesBuildPhase section */

/* Begin PBXSourcesBuildPhase section */
		845EC295233E3B96000F0095 /* Sources */ = {
			isa = PBXSourcesBuildPhase;
			buildActionMask = 2147483647;
			files = (
				845EC2A1233E3B96000F0095 /* ViewController.m in Sources */,
				845EC2AC233E3B98000F0095 /* main.m in Sources */,
				845EC29E233E3B96000F0095 /* AppDelegate.m in Sources */,
				D45DADBD234B0F2F00C081F7 /* CLogReader.cpp in Sources */,
			);
			runOnlyForDeploymentPostprocessing = 0;
		};
		D41459172350554C0034E35D /* Sources */ = {
			isa = PBXSourcesBuildPhase;
			buildActionMask = 2147483647;
			files = (
				D414591E2350554C0034E35D /* testcppTests.mm in Sources */,
			);
			runOnlyForDeploymentPostprocessing = 0;
		};
/* End PBXSourcesBuildPhase section */

/* Begin PBXTargetDependency section */
		D41459212350554C0034E35D /* PBXTargetDependency */ = {
			isa = PBXTargetDependency;
			target = 845EC298233E3B96000F0095 /* testcpp */;
			targetProxy = D41459202350554C0034E35D /* PBXContainerItemProxy */;
		};
/* End PBXTargetDependency section */

/* Begin PBXVariantGroup section */
		845EC2A7233E3B98000F0095 /* LaunchScreen.storyboard */ = {
			isa = PBXVariantGroup;
			children = (
				845EC2A8233E3B98000F0095 /* Base */,
			);
			name = LaunchScreen.storyboard;
			sourceTree = "<group>";
		};
/* End PBXVariantGroup section */

/* Begin XCBuildConfiguration section */
		845EC2AD233E3B98000F0095 /* Debug */ = {
			isa = XCBuildConfiguration;
			buildSettings = {
				ALWAYS_SEARCH_USER_PATHS = NO;
				CLANG_ANALYZER_NONNULL = YES;
				CLANG_ANALYZER_NUMBER_OBJECT_CONVERSION = YES_AGGRESSIVE;
				CLANG_CXX_LANGUAGE_STANDARD = "gnu++14";
				CLANG_CXX_LIBRARY = "libc++";
				CLANG_ENABLE_MODULES = YES;
				CLANG_ENABLE_OBJC_ARC = YES;
				CLANG_ENABLE_OBJC_WEAK = YES;
				CLANG_WARN_BLOCK_CAPTURE_AUTORELEASING = YES;
				CLANG_WARN_BOOL_CONVERSION = YES;
				CLANG_WARN_COMMA = YES;
				CLANG_WARN_CONSTANT_CONVERSION = YES;
				CLANG_WARN_DEPRECATED_OBJC_IMPLEMENTATIONS = YES;
				CLANG_WARN_DIRECT_OBJC_ISA_USAGE = YES_ERROR;
				CLANG_WARN_DOCUMENTATION_COMMENTS = YES;
				CLANG_WARN_EMPTY_BODY = YES;
				CLANG_WARN_ENUM_CONVERSION = YES;
				CLANG_WARN_INFINITE_RECURSION = YES;
				CLANG_WARN_INT_CONVERSION = YES;
				CLANG_WARN_NON_LITERAL_NULL_CONVERSION = YES;
				CLANG_WARN_OBJC_IMPLICIT_RETAIN_SELF = YES;
				CLANG_WARN_OBJC_LITERAL_CONVERSION = YES;
				CLANG_WARN_OBJC_ROOT_CLASS = YES_ERROR;
				CLANG_WARN_RANGE_LOOP_ANALYSIS = YES;
				CLANG_WARN_STRICT_PROTOTYPES = YES;
				CLANG_WARN_SUSPICIOUS_MOVE = YES;
				CLANG_WARN_UNGUARDED_AVAILABILITY = YES_AGGRESSIVE;
				CLANG_WARN_UNREACHABLE_CODE = YES;
				CLANG_WARN__DUPLICATE_METHOD_MATCH = YES;
				CODE_SIGN_IDENTITY = "iPhone Developer";
				COPY_PHASE_STRIP = NO;
				DEBUG_INFORMATION_FORMAT = dwarf;
				ENABLE_STRICT_OBJC_MSGSEND = YES;
				ENABLE_TESTABILITY = YES;
				GCC_C_LANGUAGE_STANDARD = gnu11;
				GCC_DYNAMIC_NO_PIC = NO;
				GCC_NO_COMMON_BLOCKS = YES;
				GCC_OPTIMIZATION_LEVEL = 0;
				GCC_PREPROCESSOR_DEFINITIONS = (
					"DEBUG=1",
					"$(inherited)",
				);
				GCC_WARN_64_TO_32_BIT_CONVERSION = YES;
				GCC_WARN_ABOUT_RETURN_TYPE = YES_ERROR;
				GCC_WARN_UNDECLARED_SELECTOR = YES;
				GCC_WARN_UNINITIALIZED_AUTOS = YES_AGGRESSIVE;
				GCC_WARN_UNUSED_FUNCTION = YES;
				GCC_WARN_UNUSED_VARIABLE = YES;
				IPHONEOS_DEPLOYMENT_TARGET = 12.2;
				MTL_ENABLE_DEBUG_INFO = INCLUDE_SOURCE;
				MTL_FAST_MATH = YES;
				ONLY_ACTIVE_ARCH = YES;
				SDKROOT = iphoneos;
			};
			name = Debug;
		};
		845EC2AE233E3B98000F0095 /* Release */ = {
			isa = XCBuildConfiguration;
			buildSettings = {
				ALWAYS_SEARCH_USER_PATHS = NO;
				CLANG_ANALYZER_NONNULL = YES;
				CLANG_ANALYZER_NUMBER_OBJECT_CONVERSION = YES_AGGRESSIVE;
				CLANG_CXX_LANGUAGE_STANDARD = "gnu++14";
				CLANG_CXX_LIBRARY = "libc++";
				CLANG_ENABLE_MODULES = YES;
				CLANG_ENABLE_OBJC_ARC = YES;
				CLANG_ENABLE_OBJC_WEAK = YES;
				CLANG_WARN_BLOCK_CAPTURE_AUTORELEASING = YES;
				CLANG_WARN_BOOL_CONVERSION = YES;
				CLANG_WARN_COMMA = YES;
				CLANG_WARN_CONSTANT_CONVERSION = YES;
				CLANG_WARN_DEPRECATED_OBJC_IMPLEMENTATIONS = YES;
				CLANG_WARN_DIRECT_OBJC_ISA_USAGE = YES_ERROR;
				CLANG_WARN_DOCUMENTATION_COMMENTS = YES;
				CLANG_WARN_EMPTY_BODY = YES;
				CLANG_WARN_ENUM_CONVERSION = YES;
				CLANG_WARN_INFINITE_RECURSION = YES;
				CLANG_WARN_INT_CONVERSION = YES;
				CLANG_WARN_NON_LITERAL_NULL_CONVERSION = YES;
				CLANG_WARN_OBJC_IMPLICIT_RETAIN_SELF = YES;
				CLANG_WARN_OBJC_LITERAL_CONVERSION = YES;
				CLANG_WARN_OBJC_ROOT_CLASS = YES_ERROR;
				CLANG_WARN_RANGE_LOOP_ANALYSIS = YES;
				CLANG_WARN_STRICT_PROTOTYPES = YES;
				CLANG_WARN_SUSPICIOUS_MOVE = YES;
				CLANG_WARN_UNGUARDED_AVAILABILITY = YES_AGGRESSIVE;
				CLANG_WARN_UNREACHABLE_CODE = YES;
				CLANG_WARN__DUPLICATE_METHOD_MATCH = YES;
				CODE_SIGN_IDENTITY = "iPhone Developer";
				COPY_PHASE_STRIP = NO;
				DEBUG_INFORMATION_FORMAT = "dwarf-with-dsym";
				ENABLE_NS_ASSERTIONS = NO;
				ENABLE_STRICT_OBJC_MSGSEND = YES;
				GCC_C_LANGUAGE_STANDARD = gnu11;
				GCC_NO_COMMON_BLOCKS = YES;
				GCC_WARN_64_TO_32_BIT_CONVERSION = YES;
				GCC_WARN_ABOUT_RETURN_TYPE = YES_ERROR;
				GCC_WARN_UNDECLARED_SELECTOR = YES;
				GCC_WARN_UNINITIALIZED_AUTOS = YES_AGGRESSIVE;
				GCC_WARN_UNUSED_FUNCTION = YES;
				GCC_WARN_UNUSED_VARIABLE = YES;
				IPHONEOS_DEPLOYMENT_TARGET = 12.2;
				MTL_ENABLE_DEBUG_INFO = NO;
				MTL_FAST_MATH = YES;
				SDKROOT = iphoneos;
				VALIDATE_PRODUCT = YES;
			};
			name = Release;
		};
		845EC2B0233E3B98000F0095 /* Debug */ = {
			isa = XCBuildConfiguration;
			buildSettings = {
				ASSETCATALOG_COMPILER_APPICON_NAME = AppIcon;
				CLANG_ENABLE_OBJC_ARC = NO;
				CODE_SIGN_STYLE = Automatic;
				DEVELOPMENT_TEAM = WY8MVA9MPY;
				INFOPLIST_FILE = testcpp/Info.plist;
				IPHONEOS_DEPLOYMENT_TARGET = 9.0;
				LD_RUNPATH_SEARCH_PATHS = (
					"$(inherited)",
					"@executable_path/Frameworks",
				);
				PRODUCT_BUNDLE_IDENTIFIER = com.konon.testcpp;
				PRODUCT_NAME = "$(TARGET_NAME)";
				TARGETED_DEVICE_FAMILY = "1,2";
			};
			name = Debug;
		};
		845EC2B1233E3B98000F0095 /* Release */ = {
			isa = XCBuildConfiguration;
			buildSettings = {
				ASSETCATALOG_COMPILER_APPICON_NAME = AppIcon;
				CLANG_ENABLE_OBJC_ARC = NO;
				CODE_SIGN_STYLE = Automatic;
				DEVELOPMENT_TEAM = WY8MVA9MPY;
				INFOPLIST_FILE = testcpp/Info.plist;
				IPHONEOS_DEPLOYMENT_TARGET = 9.0;
				LD_RUNPATH_SEARCH_PATHS = (
					"$(inherited)",
					"@executable_path/Frameworks",
				);
				PRODUCT_BUNDLE_IDENTIFIER = com.konon.testcpp;
				PRODUCT_NAME = "$(TARGET_NAME)";
				TARGETED_DEVICE_FAMILY = "1,2";
			};
			name = Release;
		};
		D41459222350554C0034E35D /* Debug */ = {
			isa = XCBuildConfiguration;
			buildSettings = {
				BUNDLE_LOADER = "$(TEST_HOST)";
				CODE_SIGN_STYLE = Automatic;
				DEVELOPMENT_TEAM = WY8MVA9MPY;
				INFOPLIST_FILE = testcppTests/Info.plist;
				IPHONEOS_DEPLOYMENT_TARGET = 13.1;
				LD_RUNPATH_SEARCH_PATHS = (
					"$(inherited)",
					"@executable_path/Frameworks",
					"@loader_path/Frameworks",
				);
				PRODUCT_BUNDLE_IDENTIFIER = com.konon.testcppTests;
				PRODUCT_NAME = "$(TARGET_NAME)";
				TARGETED_DEVICE_FAMILY = "1,2";
				TEST_HOST = "$(BUILT_PRODUCTS_DIR)/testcpp.app/testcpp";
			};
			name = Debug;
		};
		D41459232350554C0034E35D /* Release */ = {
			isa = XCBuildConfiguration;
			buildSettings = {
				BUNDLE_LOADER = "$(TEST_HOST)";
				CODE_SIGN_STYLE = Automatic;
				DEVELOPMENT_TEAM = WY8MVA9MPY;
				INFOPLIST_FILE = testcppTests/Info.plist;
				IPHONEOS_DEPLOYMENT_TARGET = 13.1;
				LD_RUNPATH_SEARCH_PATHS = (
					"$(inherited)",
					"@executable_path/Frameworks",
					"@loader_path/Frameworks",
				);
				PRODUCT_BUNDLE_IDENTIFIER = com.konon.testcppTests;
				PRODUCT_NAME = "$(TARGET_NAME)";
				TARGETED_DEVICE_FAMILY = "1,2";
				TEST_HOST = "$(BUILT_PRODUCTS_DIR)/testcpp.app/testcpp";
			};
			name = Release;
		};
/* End XCBuildConfiguration section */

/* Begin XCConfigurationList section */
		845EC294233E3B96000F0095 /* Build configuration list for PBXProject "testcpp" */ = {
			isa = XCConfigurationList;
			buildConfigurations = (
				845EC2AD233E3B98000F0095 /* Debug */,
				845EC2AE233E3B98000F0095 /* Release */,
			);
			defaultConfigurationIsVisible = 0;
			defaultConfigurationName = Release;
		};
		845EC2AF233E3B98000F0095 /* Build configuration list for PBXNativeTarget "testcpp" */ = {
			isa = XCConfigurationList;
			buildConfigurations = (
				845EC2B0233E3B98000F0095 /* Debug */,
				845EC2B1233E3B98000F0095 /* Release */,
			);
			defaultConfigurationIsVisible = 0;
			defaultConfigurationName = Release;
		};
		D41459242350554C0034E35D /* Build configuration list for PBXNativeTarget "testcppTests" */ = {
			isa = XCConfigurationList;
			buildConfigurations = (
				D41459222350554C0034E35D /* Debug */,
				D41459232350554C0034E35D /* Release */,
			);
			defaultConfigurationIsVisible = 0;
			defaultConfigurationName = Release;
		};
/* End XCConfigurationList section */
	};
	rootObject = 845EC291233E3B96000F0095 /* Project object */;
}
